
Microsoft Visual Studio Solution File, Format Version 12.00
# Visual Studio Version 16
VisualStudioVersion = 16.0.30621.155
MinimumVisualStudioVersion = 10.0.40219.1
Project("{FAE04EC0-301F-11D3-BF4B-00C04F79EFBC}") = "PatternProxyComposite", "PatternProxyComposite\PatternProxyComposite.csproj", "{930B33B7-9906-4C72-9D3E-0566EE982E09}"
EndProject
Global
	GlobalSection(SolutionConfigurationPlatforms) = preSolution
		Debug|Any CPU = Debug|Any CPU
		Release|Any CPU = Release|Any CPU
	EndGlobalSection
	GlobalSection(ProjectConfigurationPlatforms) = postSolution
		{930B33B7-9906-4C72-9D3E-0566EE982E09}.Debug|Any CPU.ActiveCfg = Debug|Any CPU
		{930B33B7-9906-4C72-9D3E-0566EE982E09}.Debug|Any CPU.Build.0 = Debug|Any CPU
		{930B33B7-9906-4C72-9D3E-0566EE982E09}.Release|Any CPU.ActiveCfg = Release|Any CPU
		{930B33B7-9906-4C72-9D3E-0566EE982E09}.Release|Any CPU.Build.0 = Release|Any CPU
	EndGlobalSection
	GlobalSection(SolutionProperties) = preSolution
		HideSolutionNode = FALSE
	EndGlobalSection
	GlobalSection(ExtensibilityGlobals) = postSolution
		SolutionGuid = {E0BF7734-78B9-4B87-97A5-0E1A53E93CAE}
	EndGlobalSection
EndGlobal
